# THIS IS AN AUTOGENERATED FILE. DO NOT EDIT THIS FILE DIRECTLY.
# yarn lockfile v1


"@russia-sanctions/base@0.0.3":
  version "0.0.3"
  resolved "https://registry.yarnpkg.com/@russia-sanctions/base/-/base-0.0.3.tgz#81d93cc89844a114e456040fdf464a1588f1a88c"
  integrity sha512-N9Qpgj48p5UoXDYaLLaniUthZITCBEzidmgBNJS5GUjY2Pe1YwzdWJTZYtoRGecsd4JFhT/Ol/1Gk7DuaCIUwA==
